PODS:
  - SQLite.swift (0.11.4):
    - SQLite.swift/standard (= 0.11.4)
  - SQLite.swift/standard (0.11.4)

DEPENDENCIES:
  - SQLite.swift (~> 0.11.4)

SPEC CHECKSUMS:
  SQLite.swift: 3e3bee21da701b5b9f87c4a672cb54f233505692

PODFILE CHECKSUM: e4cc33bcdf79cddc5c71da8f3e5fe0e13119f2c5

COCOAPODS: 1.4.0
