// !$*UTF8*$!
{
	archiveVersion = 1;
	classes = {
	};
	objectVersion = 48;
	objects = {

/* Begin PBXBuildFile section */
		1F44C157200E3EBA007D0897 /* PopoverViewController.swift in Sources */ = {isa = PBXBuildFile; fileRef = 1F44C155200E3EBA007D0897 /* PopoverViewController.swift */; };
		1F44C15A200E40F7007D0897 /* EventMonitor.swift in Sources */ = {isa = PBXBuildFile; fileRef = 1F44C159200E40F7007D0897 /* EventMonitor.swift */; };
		1F520E9D207544130011168A /* BaseManager.swift in Sources */ = {isa = PBXBuildFile; fileRef = 1F520E9C207544130011168A /* BaseManager.swift */; };
		1F520EA0207545050011168A /* AppEnums.swift in Sources */ = {isa = PBXBuildFile; fileRef = 1F520E9F207545050011168A /* AppEnums.swift */; };
		1F520EA2207545C30011168A /* NSViewController.swift in Sources */ = {isa = PBXBuildFile; fileRef = 1F520EA1207545C30011168A /* NSViewController.swift */; };
		1F520EA620754ACD0011168A /* ApplicationManager.swift in Sources */ = {isa = PBXBuildFile; fileRef = 1F520EA520754ACD0011168A /* ApplicationManager.swift */; };
		1F7967FD205ED05F00CF20F6 /* PopoverViewController.Combobox.swift in Sources */ = {isa = PBXBuildFile; fileRef = 1F7967FC205ED05F00CF20F6 /* PopoverViewController.Combobox.swift */; };
		1F7967FF205EDD2500CF20F6 /* ArrayExtension.swift in Sources */ = {isa = PBXBuildFile; fileRef = 1F7967FE205EDD2500CF20F6 /* ArrayExtension.swift */; };
		1F86DCD9200A695C00B5CE7B /* Pomodoro.swift in Sources */ = {isa = PBXBuildFile; fileRef = 1F86DCD8200A695C00B5CE7B /* Pomodoro.swift */; };
		1FC8F9AF207A7A38004409F5 /* PomodoroController.swift in Sources */ = {isa = PBXBuildFile; fileRef = 1FC8F9AE207A7A38004409F5 /* PomodoroController.swift */; };
		1FC8F9BF207A9612004409F5 /* PopoverManager.swift in Sources */ = {isa = PBXBuildFile; fileRef = 1FC8F9BE207A9612004409F5 /* PopoverManager.swift */; };
		1FC8F9C2207AB2B3004409F5 /* AlertFactory.swift in Sources */ = {isa = PBXBuildFile; fileRef = 1FC8F9C1207AB2B3004409F5 /* AlertFactory.swift */; };
		1FC8F9C4207AB4D1004409F5 /* MenuFactory.swift in Sources */ = {isa = PBXBuildFile; fileRef = 1FC8F9C3207AB4D1004409F5 /* MenuFactory.swift */; };
		1FC8F9C6207BFD2B004409F5 /* TimeIntervalHelper.swift in Sources */ = {isa = PBXBuildFile; fileRef = 1FC8F9C5207BFD2B004409F5 /* TimeIntervalHelper.swift */; };
		1FE156F71FFD6FE300CE081A /* AppDelegate.swift in Sources */ = {isa = PBXBuildFile; fileRef = 1FE156F61FFD6FE300CE081A /* AppDelegate.swift */; };
		1FE156FB1FFD6FE300CE081A /* Assets.xcassets in Resources */ = {isa = PBXBuildFile; fileRef = 1FE156FA1FFD6FE300CE081A /* Assets.xcassets */; };
		1FE156FE1FFD6FE300CE081A /* Main.storyboard in Resources */ = {isa = PBXBuildFile; fileRef = 1FE156FC1FFD6FE300CE081A /* Main.storyboard */; };
		1FE157071FFE9A9400CE081A /* Style.swift in Sources */ = {isa = PBXBuildFile; fileRef = 1FE157061FFE9A9400CE081A /* Style.swift */; };
		1FFA50EC2003EA6100E97099 /* LICENSE in Resources */ = {isa = PBXBuildFile; fileRef = 1FFA50EB2003EA6100E97099 /* LICENSE */; };
		1FFA514020040F0700E97099 /* SQLite.framework in Frameworks */ = {isa = PBXBuildFile; fileRef = 1FFA511F20040EED00E97099 /* SQLite.framework */; };
		1FFA514220053DCA00E97099 /* Database.swift in Sources */ = {isa = PBXBuildFile; fileRef = 1FFA514120053DCA00E97099 /* Database.swift */; };
		2CE1C2248A4926BD42975711 /* Pods_Pomodoro_Mac.framework in Frameworks */ = {isa = PBXBuildFile; fileRef = E5F6C4A5C795F378261D9FA7 /* Pods_Pomodoro_Mac.framework */; };
/* End PBXBuildFile section */

/* Begin PBXContainerItemProxy section */
		1FFA511A20040EED00E97099 /* PBXContainerItemProxy */ = {
			isa = PBXContainerItemProxy;
			containerPortal = 1FFA511020040EEC00E97099 /* SQLite.xcodeproj */;
			proxyType = 2;
			remoteGlobalIDString = EE247AD31C3F04ED00AE3E12;
			remoteInfo = "SQLite iOS";
		};
		1FFA511C20040EED00E97099 /* PBXContainerItemProxy */ = {
			isa = PBXContainerItemProxy;
			containerPortal = 1FFA511020040EEC00E97099 /* SQLite.xcodeproj */;
			proxyType = 2;
			remoteGlobalIDString = EE247ADD1C3F04ED00AE3E12;
			remoteInfo = "SQLiteTests iOS";
		};
		1FFA511E20040EED00E97099 /* PBXContainerItemProxy */ = {
			isa = PBXContainerItemProxy;
			containerPortal = 1FFA511020040EEC00E97099 /* SQLite.xcodeproj */;
			proxyType = 2;
			remoteGlobalIDString = EE247B3C1C3F3ED000AE3E12;
			remoteInfo = "SQLite Mac";
		};
		1FFA512020040EED00E97099 /* PBXContainerItemProxy */ = {
			isa = PBXContainerItemProxy;
			containerPortal = 1FFA511020040EEC00E97099 /* SQLite.xcodeproj */;
			proxyType = 2;
			remoteGlobalIDString = EE247B451C3F3ED000AE3E12;
			remoteInfo = "SQLiteTests Mac";
		};
		1FFA512220040EED00E97099 /* PBXContainerItemProxy */ = {
			isa = PBXContainerItemProxy;
			containerPortal = 1FFA511020040EEC00E97099 /* SQLite.xcodeproj */;
			proxyType = 2;
			remoteGlobalIDString = 03A65E5A1C6BB0F50062603F;
			remoteInfo = "SQLite tvOS";
		};
		1FFA512420040EED00E97099 /* PBXContainerItemProxy */ = {
			isa = PBXContainerItemProxy;
			containerPortal = 1FFA511020040EEC00E97099 /* SQLite.xcodeproj */;
			proxyType = 2;
			remoteGlobalIDString = 03A65E631C6BB0F60062603F;
			remoteInfo = "SQLiteTests tvOS";
		};
		1FFA512620040EED00E97099 /* PBXContainerItemProxy */ = {
			isa = PBXContainerItemProxy;
			containerPortal = 1FFA511020040EEC00E97099 /* SQLite.xcodeproj */;
			proxyType = 2;
			remoteGlobalIDString = A121AC451CA35C79005A31D1;
			remoteInfo = "SQLite watchOS";
		};
		1FFA513220040EF400E97099 /* PBXContainerItemProxy */ = {
			isa = PBXContainerItemProxy;
			containerPortal = 1FFA512820040EF400E97099 /* SQLite.xcodeproj */;
			proxyType = 2;
			remoteGlobalIDString = EE247AD31C3F04ED00AE3E12;
			remoteInfo = "SQLite iOS";
		};
		1FFA513420040EF400E97099 /* PBXContainerItemProxy */ = {
			isa = PBXContainerItemProxy;
			containerPortal = 1FFA512820040EF400E97099 /* SQLite.xcodeproj */;
			proxyType = 2;
			remoteGlobalIDString = EE247ADD1C3F04ED00AE3E12;
			remoteInfo = "SQLiteTests iOS";
		};
		1FFA513620040EF400E97099 /* PBXContainerItemProxy */ = {
			isa = PBXContainerItemProxy;
			containerPortal = 1FFA512820040EF400E97099 /* SQLite.xcodeproj */;
			proxyType = 2;
			remoteGlobalIDString = EE247B3C1C3F3ED000AE3E12;
			remoteInfo = "SQLite Mac";
		};
		1FFA513820040EF400E97099 /* PBXContainerItemProxy */ = {
			isa = PBXContainerItemProxy;
			containerPortal = 1FFA512820040EF400E97099 /* SQLite.xcodeproj */;
			proxyType = 2;
			remoteGlobalIDString = EE247B451C3F3ED000AE3E12;
			remoteInfo = "SQLiteTests Mac";
		};
		1FFA513A20040EF400E97099 /* PBXContainerItemProxy */ = {
			isa = PBXContainerItemProxy;
			containerPortal = 1FFA512820040EF400E97099 /* SQLite.xcodeproj */;
			proxyType = 2;
			remoteGlobalIDString = 03A65E5A1C6BB0F50062603F;
			remoteInfo = "SQLite tvOS";
		};
		1FFA513C20040EF400E97099 /* PBXContainerItemProxy */ = {
			isa = PBXContainerItemProxy;
			containerPortal = 1FFA512820040EF400E97099 /* SQLite.xcodeproj */;
			proxyType = 2;
			remoteGlobalIDString = 03A65E631C6BB0F60062603F;
			remoteInfo = "SQLiteTests tvOS";
		};
		1FFA513E20040EF400E97099 /* PBXContainerItemProxy */ = {
			isa = PBXContainerItemProxy;
			containerPortal = 1FFA512820040EF400E97099 /* SQLite.xcodeproj */;
			proxyType = 2;
			remoteGlobalIDString = A121AC451CA35C79005A31D1;
			remoteInfo = "SQLite watchOS";
		};
/* End PBXContainerItemProxy section */

/* Begin PBXCopyFilesBuildPhase section */
		1FFA510B20040E2100E97099 /* Embed Frameworks */ = {
			isa = PBXCopyFilesBuildPhase;
			buildActionMask = 2147483647;
			dstPath = "";
			dstSubfolderSpec = 10;
			files = (
			);
			name = "Embed Frameworks";
			runOnlyForDeploymentPostprocessing = 0;
		};
		1FFA510F20040E5700E97099 /* Embed PlugIns */ = {
			isa = PBXCopyFilesBuildPhase;
			buildActionMask = 2147483647;
			dstPath = "";
			dstSubfolderSpec = 13;
			files = (
			);
			name = "Embed PlugIns";
			runOnlyForDeploymentPostprocessing = 0;
		};
/* End PBXCopyFilesBuildPhase section */

/* Begin PBXFileReference section */
		1F44C155200E3EBA007D0897 /* PopoverViewController.swift */ = {isa = PBXFileReference; fileEncoding = 4; lastKnownFileType = sourcecode.swift; path = PopoverViewController.swift; sourceTree = "<group>"; };
		1F44C159200E40F7007D0897 /* EventMonitor.swift */ = {isa = PBXFileReference; lastKnownFileType = sourcecode.swift; path = EventMonitor.swift; sourceTree = "<group>"; };
		1F520E9C207544130011168A /* BaseManager.swift */ = {isa = PBXFileReference; lastKnownFileType = sourcecode.swift; path = BaseManager.swift; sourceTree = "<group>"; };
		1F520E9F207545050011168A /* AppEnums.swift */ = {isa = PBXFileReference; lastKnownFileType = sourcecode.swift; path = AppEnums.swift; sourceTree = "<group>"; };
		1F520EA1207545C30011168A /* NSViewController.swift */ = {isa = PBXFileReference; lastKnownFileType = sourcecode.swift; path = NSViewController.swift; sourceTree = "<group>"; };
		1F520EA520754ACD0011168A /* ApplicationManager.swift */ = {isa = PBXFileReference; lastKnownFileType = sourcecode.swift; path = ApplicationManager.swift; sourceTree = "<group>"; };
		1F7967FC205ED05F00CF20F6 /* PopoverViewController.Combobox.swift */ = {isa = PBXFileReference; lastKnownFileType = sourcecode.swift; path = PopoverViewController.Combobox.swift; sourceTree = "<group>"; };
		1F7967FE205EDD2500CF20F6 /* ArrayExtension.swift */ = {isa = PBXFileReference; lastKnownFileType = sourcecode.swift; path = ArrayExtension.swift; sourceTree = "<group>"; };
		1F86DCD8200A695C00B5CE7B /* Pomodoro.swift */ = {isa = PBXFileReference; lastKnownFileType = sourcecode.swift; path = Pomodoro.swift; sourceTree = "<group>"; };
		1FC8F9AE207A7A38004409F5 /* PomodoroController.swift */ = {isa = PBXFileReference; lastKnownFileType = sourcecode.swift; path = PomodoroController.swift; sourceTree = "<group>"; };
		1FC8F9BE207A9612004409F5 /* PopoverManager.swift */ = {isa = PBXFileReference; lastKnownFileType = sourcecode.swift; path = PopoverManager.swift; sourceTree = "<group>"; };
		1FC8F9C1207AB2B3004409F5 /* AlertFactory.swift */ = {isa = PBXFileReference; lastKnownFileType = sourcecode.swift; path = AlertFactory.swift; sourceTree = "<group>"; };
		1FC8F9C3207AB4D1004409F5 /* MenuFactory.swift */ = {isa = PBXFileReference; lastKnownFileType = sourcecode.swift; path = MenuFactory.swift; sourceTree = "<group>"; };
		1FC8F9C5207BFD2B004409F5 /* TimeIntervalHelper.swift */ = {isa = PBXFileReference; lastKnownFileType = sourcecode.swift; path = TimeIntervalHelper.swift; sourceTree = "<group>"; };
		1FE156F31FFD6FE300CE081A /* Pomodoro_Mac.app */ = {isa = PBXFileReference; explicitFileType = wrapper.application; includeInIndex = 0; path = Pomodoro_Mac.app; sourceTree = BUILT_PRODUCTS_DIR; };
		1FE156F61FFD6FE300CE081A /* AppDelegate.swift */ = {isa = PBXFileReference; lastKnownFileType = sourcecode.swift; path = AppDelegate.swift; sourceTree = "<group>"; };
		1FE156FA1FFD6FE300CE081A /* Assets.xcassets */ = {isa = PBXFileReference; lastKnownFileType = folder.assetcatalog; path = Assets.xcassets; sourceTree = "<group>"; };
		1FE156FD1FFD6FE300CE081A /* Base */ = {isa = PBXFileReference; lastKnownFileType = file.storyboard; name = Base; path = Base.lproj/Main.storyboard; sourceTree = "<group>"; };
		1FE156FF1FFD6FE300CE081A /* Info.plist */ = {isa = PBXFileReference; lastKnownFileType = text.plist.xml; path = Info.plist; sourceTree = "<group>"; };
		1FE157001FFD6FE300CE081A /* Pomodoro_Mac.entitlements */ = {isa = PBXFileReference; lastKnownFileType = text.plist.entitlements; path = Pomodoro_Mac.entitlements; sourceTree = "<group>"; };
		1FE157061FFE9A9400CE081A /* Style.swift */ = {isa = PBXFileReference; lastKnownFileType = sourcecode.swift; path = Style.swift; sourceTree = "<group>"; };
		1FFA50EB2003EA6100E97099 /* LICENSE */ = {isa = PBXFileReference; lastKnownFileType = text; path = LICENSE; sourceTree = SOURCE_ROOT; };
		1FFA511020040EEC00E97099 /* SQLite.xcodeproj */ = {isa = PBXFileReference; lastKnownFileType = "wrapper.pb-project"; name = SQLite.xcodeproj; path = SQLite.swift/SQLite.xcodeproj; sourceTree = "<group>"; };
		1FFA512820040EF400E97099 /* SQLite.xcodeproj */ = {isa = PBXFileReference; lastKnownFileType = "wrapper.pb-project"; name = SQLite.xcodeproj; path = SQLite.swift/SQLite.xcodeproj; sourceTree = SOURCE_ROOT; };
		1FFA514120053DCA00E97099 /* Database.swift */ = {isa = PBXFileReference; lastKnownFileType = sourcecode.swift; path = Database.swift; sourceTree = "<group>"; };
		A282BC82075301BD47BCBA6B /* Pods-Pomodoro_Mac.release.xcconfig */ = {isa = PBXFileReference; includeInIndex = 1; lastKnownFileType = text.xcconfig; name = "Pods-Pomodoro_Mac.release.xcconfig"; path = "Pods/Target Support Files/Pods-Pomodoro_Mac/Pods-Pomodoro_Mac.release.xcconfig"; sourceTree = "<group>"; };
		C4652B5F1733319C5044C4FB /* Pods-Pomodoro_Mac.debug.xcconfig */ = {isa = PBXFileReference; includeInIndex = 1; lastKnownFileType = text.xcconfig; name = "Pods-Pomodoro_Mac.debug.xcconfig"; path = "Pods/Target Support Files/Pods-Pomodoro_Mac/Pods-Pomodoro_Mac.debug.xcconfig"; sourceTree = "<group>"; };
		E5F6C4A5C795F378261D9FA7 /* Pods_Pomodoro_Mac.framework */ = {isa = PBXFileReference; explicitFileType = wrapper.framework; includeInIndex = 0; path = Pods_Pomodoro_Mac.framework; sourceTree = BUILT_PRODUCTS_DIR; };
/* End PBXFileReference section */

/* Begin PBXFrameworksBuildPhase section */
		1FE156F01FFD6FE300CE081A /* Frameworks */ = {
			isa = PBXFrameworksBuildPhase;
			buildActionMask = 2147483647;
			files = (
				1FFA514020040F0700E97099 /* SQLite.framework in Frameworks */,
				2CE1C2248A4926BD42975711 /* Pods_Pomodoro_Mac.framework in Frameworks */,
			);
			runOnlyForDeploymentPostprocessing = 0;
		};
/* End PBXFrameworksBuildPhase section */

/* Begin PBXGroup section */
		1F44C158200E40DC007D0897 /* Helpers */ = {
			isa = PBXGroup;
			children = (
				1FC8F9C0207AB298004409F5 /* Factories */,
				1F44C159200E40F7007D0897 /* EventMonitor.swift */,
				1F520E9F207545050011168A /* AppEnums.swift */,
				1F520EA1207545C30011168A /* NSViewController.swift */,
				1F7967FE205EDD2500CF20F6 /* ArrayExtension.swift */,
				1FC8F9C5207BFD2B004409F5 /* TimeIntervalHelper.swift */,
			);
			path = Helpers;
			sourceTree = "<group>";
		};
		1F520E9B20753F930011168A /* Managers */ = {
			isa = PBXGroup;
			children = (
				1F520E9C207544130011168A /* BaseManager.swift */,
				1FE156F61FFD6FE300CE081A /* AppDelegate.swift */,
				1F520EA520754ACD0011168A /* ApplicationManager.swift */,
				1FC8F9BE207A9612004409F5 /* PopoverManager.swift */,
			);
			path = Managers;
			sourceTree = "<group>";
		};
		1F520EA720754C8A0011168A /* Database */ = {
			isa = PBXGroup;
			children = (
				1FFA514120053DCA00E97099 /* Database.swift */,
			);
			path = Database;
			sourceTree = "<group>";
		};
		1FC8F9C0207AB298004409F5 /* Factories */ = {
			isa = PBXGroup;
			children = (
				1FC8F9C1207AB2B3004409F5 /* AlertFactory.swift */,
				1FC8F9C3207AB4D1004409F5 /* MenuFactory.swift */,
			);
			path = Factories;
			sourceTree = "<group>";
		};
		1FC8F9D7207C077C004409F5 /* View Controllers */ = {
			isa = PBXGroup;
			children = (
				1F44C155200E3EBA007D0897 /* PopoverViewController.swift */,
				1F7967FC205ED05F00CF20F6 /* PopoverViewController.Combobox.swift */,
			);
			path = "View Controllers";
			sourceTree = "<group>";
		};
		1FE156EA1FFD6FE300CE081A = {
			isa = PBXGroup;
			children = (
				1FE156F51FFD6FE300CE081A /* Pomodoro_Mac */,
				1FE156F41FFD6FE300CE081A /* Products */,
				1FFA510520040E0200E97099 /* Frameworks */,
				71C467099DD0EFE1BC8EEC55 /* Pods */,
			);
			sourceTree = "<group>";
		};
		1FE156F41FFD6FE300CE081A /* Products */ = {
			isa = PBXGroup;
			children = (
				1FE156F31FFD6FE300CE081A /* Pomodoro_Mac.app */,
			);
			name = Products;
			sourceTree = "<group>";
		};
		1FE156F51FFD6FE300CE081A /* Pomodoro_Mac */ = {
			isa = PBXGroup;
			children = (
				1F520EA720754C8A0011168A /* Database */,
				1F520E9B20753F930011168A /* Managers */,
				1F44C158200E40DC007D0897 /* Helpers */,
				1FE1570C2000DE4F00CE081A /* Assets */,
				1FE1570B2000DE2F00CE081A /* Model */,
				1FE1570A2000DE1B00CE081A /* Controllers */,
				1FC8F9D7207C077C004409F5 /* View Controllers */,
				1FE156FA1FFD6FE300CE081A /* Assets.xcassets */,
				1FE156FC1FFD6FE300CE081A /* Main.storyboard */,
				1FFA50EB2003EA6100E97099 /* LICENSE */,
				1FE156FF1FFD6FE300CE081A /* Info.plist */,
				1FE157001FFD6FE300CE081A /* Pomodoro_Mac.entitlements */,
				1FFA512820040EF400E97099 /* SQLite.xcodeproj */,
			);
			path = Pomodoro_Mac;
			sourceTree = "<group>";
		};
		1FE1570A2000DE1B00CE081A /* Controllers */ = {
			isa = PBXGroup;
			children = (
				1FC8F9AE207A7A38004409F5 /* PomodoroController.swift */,
			);
			path = Controllers;
			sourceTree = "<group>";
		};
		1FE1570B2000DE2F00CE081A /* Model */ = {
			isa = PBXGroup;
			children = (
				1F86DCD8200A695C00B5CE7B /* Pomodoro.swift */,
			);
			path = Model;
			sourceTree = "<group>";
		};
		1FE1570C2000DE4F00CE081A /* Assets */ = {
			isa = PBXGroup;
			children = (
				1FE157061FFE9A9400CE081A /* Style.swift */,
			);
			path = Assets;
			sourceTree = "<group>";
		};
		1FFA510520040E0200E97099 /* Frameworks */ = {
			isa = PBXGroup;
			children = (
				1FFA511020040EEC00E97099 /* SQLite.xcodeproj */,
				E5F6C4A5C795F378261D9FA7 /* Pods_Pomodoro_Mac.framework */,
			);
			name = Frameworks;
			sourceTree = "<group>";
		};
		1FFA511120040EEC00E97099 /* Products */ = {
			isa = PBXGroup;
			children = (
				1FFA511B20040EED00E97099 /* SQLite.framework */,
				1FFA511D20040EED00E97099 /* SQLiteTests iOS.xctest */,
				1FFA511F20040EED00E97099 /* SQLite.framework */,
				1FFA512120040EED00E97099 /* SQLiteTests Mac.xctest */,
				1FFA512320040EED00E97099 /* SQLite.framework */,
				1FFA512520040EED00E97099 /* SQLiteTests tvOS.xctest */,
				1FFA512720040EED00E97099 /* SQLite.framework */,
			);
			name = Products;
			sourceTree = "<group>";
		};
		1FFA512920040EF400E97099 /* Products */ = {
			isa = PBXGroup;
			children = (
				1FFA513320040EF400E97099 /* SQLite.framework */,
				1FFA513520040EF400E97099 /* SQLiteTests iOS.xctest */,
				1FFA513720040EF400E97099 /* SQLite.framework */,
				1FFA513920040EF400E97099 /* SQLiteTests Mac.xctest */,
				1FFA513B20040EF400E97099 /* SQLite.framework */,
				1FFA513D20040EF400E97099 /* SQLiteTests tvOS.xctest */,
				1FFA513F20040EF400E97099 /* SQLite.framework */,
			);
			name = Products;
			sourceTree = "<group>";
		};
		71C467099DD0EFE1BC8EEC55 /* Pods */ = {
			isa = PBXGroup;
			children = (
				C4652B5F1733319C5044C4FB /* Pods-Pomodoro_Mac.debug.xcconfig */,
				A282BC82075301BD47BCBA6B /* Pods-Pomodoro_Mac.release.xcconfig */,
			);
			name = Pods;
			sourceTree = "<group>";
		};
/* End PBXGroup section */

/* Begin PBXNativeTarget section */
		1FE156F21FFD6FE300CE081A /* Pomodoro_Mac */ = {
			isa = PBXNativeTarget;
			buildConfigurationList = 1FE157031FFD6FE300CE081A /* Build configuration list for PBXNativeTarget "Pomodoro_Mac" */;
			buildPhases = (
				4BD3C64239133D4A7384DA8F /* [CP] Check Pods Manifest.lock */,
				1FE156EF1FFD6FE300CE081A /* Sources */,
				1FE156F01FFD6FE300CE081A /* Frameworks */,
				1FE156F11FFD6FE300CE081A /* Resources */,
				1FFA510B20040E2100E97099 /* Embed Frameworks */,
				1FFA510F20040E5700E97099 /* Embed PlugIns */,
				1C58F0A3303C8E0840C0BF14 /* [CP] Embed Pods Frameworks */,
				4F9FBF4116F142E0D562E028 /* [CP] Copy Pods Resources */,
			);
			buildRules = (
			);
			dependencies = (
			);
			name = Pomodoro_Mac;
			productName = Pomodoro_Mac;
			productReference = 1FE156F31FFD6FE300CE081A /* Pomodoro_Mac.app */;
			productType = "com.apple.product-type.application";
		};
/* End PBXNativeTarget section */

/* Begin PBXProject section */
		1FE156EB1FFD6FE300CE081A /* Project object */ = {
			isa = PBXProject;
			attributes = {
				LastSwiftUpdateCheck = 0920;
				LastUpgradeCheck = 0930;
				ORGANIZATIONNAME = "Marcela Rubim";
				TargetAttributes = {
					1FE156F21FFD6FE300CE081A = {
						CreatedOnToolsVersion = 9.2;
						ProvisioningStyle = Automatic;
					};
				};
			};
			buildConfigurationList = 1FE156EE1FFD6FE300CE081A /* Build configuration list for PBXProject "Pomodoro_Mac" */;
			compatibilityVersion = "Xcode 8.0";
			developmentRegion = en;
			hasScannedForEncodings = 0;
			knownRegions = (
				en,
				Base,
			);
			mainGroup = 1FE156EA1FFD6FE300CE081A;
			productRefGroup = 1FE156F41FFD6FE300CE081A /* Products */;
			projectDirPath = "";
			projectReferences = (
				{
					ProductGroup = 1FFA511120040EEC00E97099 /* Products */;
					ProjectRef = 1FFA511020040EEC00E97099 /* SQLite.xcodeproj */;
				},
				{
					ProductGroup = 1FFA512920040EF400E97099 /* Products */;
					ProjectRef = 1FFA512820040EF400E97099 /* SQLite.xcodeproj */;
				},
			);
			projectRoot = "";
			targets = (
				1FE156F21FFD6FE300CE081A /* Pomodoro_Mac */,
			);
		};
/* End PBXProject section */

/* Begin PBXReferenceProxy section */
		1FFA511B20040EED00E97099 /* SQLite.framework */ = {
			isa = PBXReferenceProxy;
			fileType = wrapper.framework;
			path = SQLite.framework;
			remoteRef = 1FFA511A20040EED00E97099 /* PBXContainerItemProxy */;
			sourceTree = BUILT_PRODUCTS_DIR;
		};
		1FFA511D20040EED00E97099 /* SQLiteTests iOS.xctest */ = {
			isa = PBXReferenceProxy;
			fileType = wrapper.cfbundle;
			path = "SQLiteTests iOS.xctest";
			remoteRef = 1FFA511C20040EED00E97099 /* PBXContainerItemProxy */;
			sourceTree = BUILT_PRODUCTS_DIR;
		};
		1FFA511F20040EED00E97099 /* SQLite.framework */ = {
			isa = PBXReferenceProxy;
			fileType = wrapper.framework;
			path = SQLite.framework;
			remoteRef = 1FFA511E20040EED00E97099 /* PBXContainerItemProxy */;
			sourceTree = BUILT_PRODUCTS_DIR;
		};
		1FFA512120040EED00E97099 /* SQLiteTests Mac.xctest */ = {
			isa = PBXReferenceProxy;
			fileType = wrapper.cfbundle;
			path = "SQLiteTests Mac.xctest";
			remoteRef = 1FFA512020040EED00E97099 /* PBXContainerItemProxy */;
			sourceTree = BUILT_PRODUCTS_DIR;
		};
		1FFA512320040EED00E97099 /* SQLite.framework */ = {
			isa = PBXReferenceProxy;
			fileType = wrapper.framework;
			path = SQLite.framework;
			remoteRef = 1FFA512220040EED00E97099 /* PBXContainerItemProxy */;
			sourceTree = BUILT_PRODUCTS_DIR;
		};
		1FFA512520040EED00E97099 /* SQLiteTests tvOS.xctest */ = {
			isa = PBXReferenceProxy;
			fileType = wrapper.cfbundle;
			path = "SQLiteTests tvOS.xctest";
			remoteRef = 1FFA512420040EED00E97099 /* PBXContainerItemProxy */;
			sourceTree = BUILT_PRODUCTS_DIR;
		};
		1FFA512720040EED00E97099 /* SQLite.framework */ = {
			isa = PBXReferenceProxy;
			fileType = wrapper.framework;
			path = SQLite.framework;
			remoteRef = 1FFA512620040EED00E97099 /* PBXContainerItemProxy */;
			sourceTree = BUILT_PRODUCTS_DIR;
		};
		1FFA513320040EF400E97099 /* SQLite.framework */ = {
			isa = PBXReferenceProxy;
			fileType = wrapper.framework;
			path = SQLite.framework;
			remoteRef = 1FFA513220040EF400E97099 /* PBXContainerItemProxy */;
			sourceTree = BUILT_PRODUCTS_DIR;
		};
		1FFA513520040EF400E97099 /* SQLiteTests iOS.xctest */ = {
			isa = PBXReferenceProxy;
			fileType = wrapper.cfbundle;
			path = "SQLiteTests iOS.xctest";
			remoteRef = 1FFA513420040EF400E97099 /* PBXContainerItemProxy */;
			sourceTree = BUILT_PRODUCTS_DIR;
		};
		1FFA513720040EF400E97099 /* SQLite.framework */ = {
			isa = PBXReferenceProxy;
			fileType = wrapper.framework;
			path = SQLite.framework;
			remoteRef = 1FFA513620040EF400E97099 /* PBXContainerItemProxy */;
			sourceTree = BUILT_PRODUCTS_DIR;
		};
		1FFA513920040EF400E97099 /* SQLiteTests Mac.xctest */ = {
			isa = PBXReferenceProxy;
			fileType = wrapper.cfbundle;
			path = "SQLiteTests Mac.xctest";
			remoteRef = 1FFA513820040EF400E97099 /* PBXContainerItemProxy */;
			sourceTree = BUILT_PRODUCTS_DIR;
		};
		1FFA513B20040EF400E97099 /* SQLite.framework */ = {
			isa = PBXReferenceProxy;
			fileType = wrapper.framework;
			path = SQLite.framework;
			remoteRef = 1FFA513A20040EF400E97099 /* PBXContainerItemProxy */;
			sourceTree = BUILT_PRODUCTS_DIR;
		};
		1FFA513D20040EF400E97099 /* SQLiteTests tvOS.xctest */ = {
			isa = PBXReferenceProxy;
			fileType = wrapper.cfbundle;
			path = "SQLiteTests tvOS.xctest";
			remoteRef = 1FFA513C20040EF400E97099 /* PBXContainerItemProxy */;
			sourceTree = BUILT_PRODUCTS_DIR;
		};
		1FFA513F20040EF400E97099 /* SQLite.framework */ = {
			isa = PBXReferenceProxy;
			fileType = wrapper.framework;
			path = SQLite.framework;
			remoteRef = 1FFA513E20040EF400E97099 /* PBXContainerItemProxy */;
			sourceTree = BUILT_PRODUCTS_DIR;
		};
/* End PBXReferenceProxy section */

/* Begin PBXResourcesBuildPhase section */
		1FE156F11FFD6FE300CE081A /* Resources */ = {
			isa = PBXResourcesBuildPhase;
			buildActionMask = 2147483647;
			files = (
				1FE156FB1FFD6FE300CE081A /* Assets.xcassets in Resources */,
				1FFA50EC2003EA6100E97099 /* LICENSE in Resources */,
				1FE156FE1FFD6FE300CE081A /* Main.storyboard in Resources */,
			);
			runOnlyForDeploymentPostprocessing = 0;
		};
/* End PBXResourcesBuildPhase section */

/* Begin PBXShellScriptBuildPhase section */
		1C58F0A3303C8E0840C0BF14 /* [CP] Embed Pods Frameworks */ = {
			isa = PBXShellScriptBuildPhase;
			buildActionMask = 2147483647;
			files = (
			);
			inputPaths = (
				"${SRCROOT}/Pods/Target Support Files/Pods-Pomodoro_Mac/Pods-Pomodoro_Mac-frameworks.sh",
				"${BUILT_PRODUCTS_DIR}/SQLite.swift/SQLite.framework",
			);
			name = "[CP] Embed Pods Frameworks";
			outputPaths = (
				"${TARGET_BUILD_DIR}/${FRAMEWORKS_FOLDER_PATH}/SQLite.framework",
			);
			runOnlyForDeploymentPostprocessing = 0;
			shellPath = /bin/sh;
			shellScript = "\"${SRCROOT}/Pods/Target Support Files/Pods-Pomodoro_Mac/Pods-Pomodoro_Mac-frameworks.sh\"\n";
			showEnvVarsInLog = 0;
		};
		4BD3C64239133D4A7384DA8F /* [CP] Check Pods Manifest.lock */ = {
			isa = PBXShellScriptBuildPhase;
			buildActionMask = 2147483647;
			files = (
			);
			inputPaths = (
				"${PODS_PODFILE_DIR_PATH}/Podfile.lock",
				"${PODS_ROOT}/Manifest.lock",
			);
			name = "[CP] Check Pods Manifest.lock";
			outputPaths = (
				"$(DERIVED_FILE_DIR)/Pods-Pomodoro_Mac-checkManifestLockResult.txt",
			);
			runOnlyForDeploymentPostprocessing = 0;
			shellPath = /bin/sh;
			shellScript = "diff \"${PODS_PODFILE_DIR_PATH}/Podfile.lock\" \"${PODS_ROOT}/Manifest.lock\" > /dev/null\nif [ $? != 0 ] ; then\n    # print error to STDERR\n    echo \"error: The sandbox is not in sync with the Podfile.lock. Run 'pod install' or update your CocoaPods installation.\" >&2\n    exit 1\nfi\n# This output is used by Xcode 'outputs' to avoid re-running this script phase.\necho \"SUCCESS\" > \"${SCRIPT_OUTPUT_FILE_0}\"\n";
			showEnvVarsInLog = 0;
		};
		4F9FBF4116F142E0D562E028 /* [CP] Copy Pods Resources */ = {
			isa = PBXShellScriptBuildPhase;
			buildActionMask = 2147483647;
			files = (
			);
			inputPaths = (
			);
			name = "[CP] Copy Pods Resources";
			outputPaths = (
			);
			runOnlyForDeploymentPostprocessing = 0;
			shellPath = /bin/sh;
			shellScript = "\"${SRCROOT}/Pods/Target Support Files/Pods-Pomodoro_Mac/Pods-Pomodoro_Mac-resources.sh\"\n";
			showEnvVarsInLog = 0;
		};
/* End PBXShellScriptBuildPhase section */

/* Begin PBXSourcesBuildPhase section */
		1FE156EF1FFD6FE300CE081A /* Sources */ = {
			isa = PBXSourcesBuildPhase;
			buildActionMask = 2147483647;
			files = (
				1F520E9D207544130011168A /* BaseManager.swift in Sources */,
				1F520EA2207545C30011168A /* NSViewController.swift in Sources */,
				1F7967FF205EDD2500CF20F6 /* ArrayExtension.swift in Sources */,
				1FC8F9C4207AB4D1004409F5 /* MenuFactory.swift in Sources */,
				1F86DCD9200A695C00B5CE7B /* Pomodoro.swift in Sources */,
				1FC8F9AF207A7A38004409F5 /* PomodoroController.swift in Sources */,
				1FFA514220053DCA00E97099 /* Database.swift in Sources */,
				1F520EA620754ACD0011168A /* ApplicationManager.swift in Sources */,
				1FC8F9BF207A9612004409F5 /* PopoverManager.swift in Sources */,
				1FE157071FFE9A9400CE081A /* Style.swift in Sources */,
				1F44C15A200E40F7007D0897 /* EventMonitor.swift in Sources */,
				1FC8F9C6207BFD2B004409F5 /* TimeIntervalHelper.swift in Sources */,
				1F44C157200E3EBA007D0897 /* PopoverViewController.swift in Sources */,
				1FE156F71FFD6FE300CE081A /* AppDelegate.swift in Sources */,
				1FC8F9C2207AB2B3004409F5 /* AlertFactory.swift in Sources */,
				1F520EA0207545050011168A /* AppEnums.swift in Sources */,
				1F7967FD205ED05F00CF20F6 /* PopoverViewController.Combobox.swift in Sources */,
			);
			runOnlyForDeploymentPostprocessing = 0;
		};
/* End PBXSourcesBuildPhase section */

/* Begin PBXVariantGroup section */
		1FE156FC1FFD6FE300CE081A /* Main.storyboard */ = {
			isa = PBXVariantGroup;
			children = (
				1FE156FD1FFD6FE300CE081A /* Base */,
			);
			name = Main.storyboard;
			sourceTree = "<group>";
		};
/* End PBXVariantGroup section */

/* Begin XCBuildConfiguration section */
		1FE157011FFD6FE300CE081A /* Debug */ = {
			isa = XCBuildConfiguration;
			buildSettings = {
				ALWAYS_EMBED_SWIFT_STANDARD_LIBRARIES = "$(inherited)";
				ALWAYS_SEARCH_USER_PATHS = NO;
				CLANG_ANALYZER_NONNULL = YES;
				CLANG_ANALYZER_NUMBER_OBJECT_CONVERSION = YES_AGGRESSIVE;
				CLANG_CXX_LANGUAGE_STANDARD = "gnu++14";
				CLANG_CXX_LIBRARY = "libc++";
				CLANG_ENABLE_MODULES = YES;
				CLANG_ENABLE_OBJC_ARC = YES;
				CLANG_WARN_BLOCK_CAPTURE_AUTORELEASING = YES;
				CLANG_WARN_BOOL_CONVERSION = YES;
				CLANG_WARN_COMMA = YES;
				CLANG_WARN_CONSTANT_CONVERSION = YES;
				CLANG_WARN_DEPRECATED_OBJC_IMPLEMENTATIONS = YES;
				CLANG_WARN_DIRECT_OBJC_ISA_USAGE = YES_ERROR;
				CLANG_WARN_DOCUMENTATION_COMMENTS = YES;
				CLANG_WARN_EMPTY_BODY = YES;
				CLANG_WARN_ENUM_CONVERSION = YES;
				CLANG_WARN_INFINITE_RECURSION = YES;
				CLANG_WARN_INT_CONVERSION = YES;
				CLANG_WARN_NON_LITERAL_NULL_CONVERSION = YES;
				CLANG_WARN_OBJC_IMPLICIT_RETAIN_SELF = YES;
				CLANG_WARN_OBJC_LITERAL_CONVERSION = YES;
				CLANG_WARN_OBJC_ROOT_CLASS = YES_ERROR;
				CLANG_WARN_RANGE_LOOP_ANALYSIS = YES;
				CLANG_WARN_STRICT_PROTOTYPES = YES;
				CLANG_WARN_SUSPICIOUS_MOVE = YES;
				CLANG_WARN_UNGUARDED_AVAILABILITY = YES_AGGRESSIVE;
				CLANG_WARN_UNREACHABLE_CODE = YES;
				CLANG_WARN__DUPLICATE_METHOD_MATCH = YES;
				CODE_SIGN_IDENTITY = "-";
				COPY_PHASE_STRIP = NO;
				DEBUG_INFORMATION_FORMAT = dwarf;
				ENABLE_STRICT_OBJC_MSGSEND = YES;
				ENABLE_TESTABILITY = YES;
				GCC_C_LANGUAGE_STANDARD = gnu11;
				GCC_DYNAMIC_NO_PIC = NO;
				GCC_NO_COMMON_BLOCKS = YES;
				GCC_OPTIMIZATION_LEVEL = 0;
				GCC_PREPROCESSOR_DEFINITIONS = (
					"DEBUG=1",
					"$(inherited)",
				);
				GCC_WARN_64_TO_32_BIT_CONVERSION = YES;
				GCC_WARN_ABOUT_RETURN_TYPE = YES_ERROR;
				GCC_WARN_UNDECLARED_SELECTOR = YES;
				GCC_WARN_UNINITIALIZED_AUTOS = YES_AGGRESSIVE;
				GCC_WARN_UNUSED_FUNCTION = YES;
				GCC_WARN_UNUSED_VARIABLE = YES;
				MACOSX_DEPLOYMENT_TARGET = 10.13;
				MTL_ENABLE_DEBUG_INFO = YES;
				ONLY_ACTIVE_ARCH = YES;
				SDKROOT = macosx;
				SWIFT_ACTIVE_COMPILATION_CONDITIONS = DEBUG;
				SWIFT_OPTIMIZATION_LEVEL = "-Onone";
			};
			name = Debug;
		};
		1FE157021FFD6FE300CE081A /* Release */ = {
			isa = XCBuildConfiguration;
			buildSettings = {
				ALWAYS_EMBED_SWIFT_STANDARD_LIBRARIES = "$(inherited)";
				ALWAYS_SEARCH_USER_PATHS = NO;
				CLANG_ANALYZER_NONNULL = YES;
				CLANG_ANALYZER_NUMBER_OBJECT_CONVERSION = YES_AGGRESSIVE;
				CLANG_CXX_LANGUAGE_STANDARD = "gnu++14";
				CLANG_CXX_LIBRARY = "libc++";
				CLANG_ENABLE_MODULES = YES;
				CLANG_ENABLE_OBJC_ARC = YES;
				CLANG_WARN_BLOCK_CAPTURE_AUTORELEASING = YES;
				CLANG_WARN_BOOL_CONVERSION = YES;
				CLANG_WARN_COMMA = YES;
				CLANG_WARN_CONSTANT_CONVERSION = YES;
				CLANG_WARN_DEPRECATED_OBJC_IMPLEMENTATIONS = YES;
				CLANG_WARN_DIRECT_OBJC_ISA_USAGE = YES_ERROR;
				CLANG_WARN_DOCUMENTATION_COMMENTS = YES;
				CLANG_WARN_EMPTY_BODY = YES;
				CLANG_WARN_ENUM_CONVERSION = YES;
				CLANG_WARN_INFINITE_RECURSION = YES;
				CLANG_WARN_INT_CONVERSION = YES;
				CLANG_WARN_NON_LITERAL_NULL_CONVERSION = YES;
				CLANG_WARN_OBJC_IMPLICIT_RETAIN_SELF = YES;
				CLANG_WARN_OBJC_LITERAL_CONVERSION = YES;
				CLANG_WARN_OBJC_ROOT_CLASS = YES_ERROR;
				CLANG_WARN_RANGE_LOOP_ANALYSIS = YES;
				CLANG_WARN_STRICT_PROTOTYPES = YES;
				CLANG_WARN_SUSPICIOUS_MOVE = YES;
				CLANG_WARN_UNGUARDED_AVAILABILITY = YES_AGGRESSIVE;
				CLANG_WARN_UNREACHABLE_CODE = YES;
				CLANG_WARN__DUPLICATE_METHOD_MATCH = YES;
				CODE_SIGN_IDENTITY = "-";
				COPY_PHASE_STRIP = NO;
				DEBUG_INFORMATION_FORMAT = "dwarf-with-dsym";
				ENABLE_NS_ASSERTIONS = NO;
				ENABLE_STRICT_OBJC_MSGSEND = YES;
				GCC_C_LANGUAGE_STANDARD = gnu11;
				GCC_NO_COMMON_BLOCKS = YES;
				GCC_WARN_64_TO_32_BIT_CONVERSION = YES;
				GCC_WARN_ABOUT_RETURN_TYPE = YES_ERROR;
				GCC_WARN_UNDECLARED_SELECTOR = YES;
				GCC_WARN_UNINITIALIZED_AUTOS = YES_AGGRESSIVE;
				GCC_WARN_UNUSED_FUNCTION = YES;
				GCC_WARN_UNUSED_VARIABLE = YES;
				MACOSX_DEPLOYMENT_TARGET = 10.13;
				MTL_ENABLE_DEBUG_INFO = NO;
				SDKROOT = macosx;
				SWIFT_OPTIMIZATION_LEVEL = "-Owholemodule";
			};
			name = Release;
		};
		1FE157041FFD6FE300CE081A /* Debug */ = {
			isa = XCBuildConfiguration;
			baseConfigurationReference = C4652B5F1733319C5044C4FB /* Pods-Pomodoro_Mac.debug.xcconfig */;
			buildSettings = {
				ALWAYS_EMBED_SWIFT_STANDARD_LIBRARIES = "$(inherited)";
				ASSETCATALOG_COMPILER_APPICON_NAME = AppIcon;
				CODE_SIGN_ENTITLEMENTS = Pomodoro_Mac/Pomodoro_Mac.entitlements;
				CODE_SIGN_STYLE = Automatic;
				COMBINE_HIDPI_IMAGES = YES;
				INFOPLIST_FILE = Pomodoro_Mac/Info.plist;
				LD_RUNPATH_SEARCH_PATHS = "$(inherited) @executable_path/../Frameworks";
				PRODUCT_BUNDLE_IDENTIFIER = com.utopia.pomodoro;
				PRODUCT_NAME = "$(TARGET_NAME)";
				SWIFT_VERSION = 4.0;
			};
			name = Debug;
		};
		1FE157051FFD6FE300CE081A /* Release */ = {
			isa = XCBuildConfiguration;
			baseConfigurationReference = A282BC82075301BD47BCBA6B /* Pods-Pomodoro_Mac.release.xcconfig */;
			buildSettings = {
				ALWAYS_EMBED_SWIFT_STANDARD_LIBRARIES = "$(inherited)";
				ASSETCATALOG_COMPILER_APPICON_NAME = AppIcon;
				CODE_SIGN_ENTITLEMENTS = Pomodoro_Mac/Pomodoro_Mac.entitlements;
				CODE_SIGN_STYLE = Automatic;
				COMBINE_HIDPI_IMAGES = YES;
				INFOPLIST_FILE = Pomodoro_Mac/Info.plist;
				LD_RUNPATH_SEARCH_PATHS = "$(inherited) @executable_path/../Frameworks";
				PRODUCT_BUNDLE_IDENTIFIER = com.utopia.pomodoro;
				PRODUCT_NAME = "$(TARGET_NAME)";
				SWIFT_VERSION = 4.0;
			};
			name = Release;
		};
/* End XCBuildConfiguration section */

/* Begin XCConfigurationList section */
		1FE156EE1FFD6FE300CE081A /* Build configuration list for PBXProject "Pomodoro_Mac" */ = {
			isa = XCConfigurationList;
			buildConfigurations = (
				1FE157011FFD6FE300CE081A /* Debug */,
				1FE157021FFD6FE300CE081A /* Release */,
			);
			defaultConfigurationIsVisible = 0;
			defaultConfigurationName = Release;
		};
		1FE157031FFD6FE300CE081A /* Build configuration list for PBXNativeTarget "Pomodoro_Mac" */ = {
			isa = XCConfigurationList;
			buildConfigurations = (
				1FE157041FFD6FE300CE081A /* Debug */,
				1FE157051FFD6FE300CE081A /* Release */,
			);
			defaultConfigurationIsVisible = 0;
			defaultConfigurationName = Release;
		};
/* End XCConfigurationList section */
	};
	rootObject = 1FE156EB1FFD6FE300CE081A /* Project object */;
}
